{
  "name": "ConcealWebWallet",
  "version": "1.1.1",
  "lockfileVersion": 2,
  "requires": true,
  "packages": {
    "": {
      "name": "ConcealWebWallet",
      "version": "1.1.1",
      "license": "BSD-3",
      "dependencies": {
        "typescript": "^5.0.4",
        "workbox-build": "^3.3.0"
      },
      "devDependencies": {}
    },
    "node_modules/babel-extract-comments": {
      "version": "1.0.0",
      "resolved": "https://registry.npmjs.org/babel-extract-comments/-/babel-extract-comments-1.0.0.tgz",
      "integrity": "sha512-qWWzi4TlddohA91bFwgt6zO/J0X+io7Qp184Fw0m2JYRSTZnJbFR8+07KmzudHCZgOiKRCrjhylwv9Xd8gfhVQ==",
      "dependencies": {
        "babylon": "^6.18.0"
      },
      "engines": {
        "node": ">=4"
      }
    },
    "node_modules/babel-plugin-syntax-object-rest-spread": {
      "version": "6.13.0",
      "resolved": "https://registry.npmjs.org/babel-plugin-syntax-object-rest-spread/-/babel-plugin-syntax-object-rest-spread-6.13.0.tgz",
      "integrity": "sha512-C4Aq+GaAj83pRQ0EFgTvw5YO6T3Qz2KGrNRwIj9mSoNHVvdZY4KO2uA6HNtNXCw993iSZnckY1aLW8nOi8i4+w=="
    },
    "node_modules/babel-plugin-transform-object-rest-spread": {
      "version": "6.26.0",
      "resolved": "https://registry.npmjs.org/babel-plugin-transform-object-rest-spread/-/babel-plugin-transform-object-rest-spread-6.26.0.tgz",
      "integrity": "sha512-ocgA9VJvyxwt+qJB0ncxV8kb/CjfTcECUY4tQ5VT7nP6Aohzobm8CDFaQ5FHdvZQzLmf0sgDxB8iRXZXxwZcyA==",
      "dependencies": {
        "babel-plugin-syntax-object-rest-spread": "^6.8.0",
        "babel-runtime": "^6.26.0"
      }
    },
    "node_modules/babel-runtime": {
      "version": "6.26.0",
      "resolved": "https://registry.npmjs.org/babel-runtime/-/babel-runtime-6.26.0.tgz",
      "integrity": "sha512-ITKNuq2wKlW1fJg9sSW52eepoYgZBggvOAHC0u/CYu/qxQ9EVzThCgR69BnSXLHjy2f7SY5zaQ4yt7H9ZVxY2g==",
      "dependencies": {
        "core-js": "^2.4.0",
        "regenerator-runtime": "^0.11.0"
      }
    },
    "node_modules/babylon": {
      "version": "6.18.0",
      "resolved": "https://registry.npmjs.org/babylon/-/babylon-6.18.0.tgz",
      "integrity": "sha512-q/UEjfGJ2Cm3oKV71DJz9d25TPnq5rhBVL2Q4fA5wcC3jcrdn7+SssEybFIxwAvvP+YCsCYNKughoF33GxgycQ==",
      "bin": {
        "babylon": "bin/babylon.js"
      }
    },
    "node_modules/balanced-match": {
      "version": "1.0.2",
      "resolved": "https://registry.npmjs.org/balanced-match/-/balanced-match-1.0.2.tgz",
      "integrity": "sha512-3oSeUO0TMV67hN1AmbXsK4yaqU7tjiHlbxRDZOpH0KW9+CeX4bRAaX0Anxt0tx2MrpRpWwQaPwIlISEJhYU5Pw=="
    },
    "node_modules/brace-expansion": {
      "version": "1.1.11",
      "resolved": "https://registry.npmjs.org/brace-expansion/-/brace-expansion-1.1.11.tgz",
      "integrity": "sha512-iCuPHDFgrHX7H2vEI/5xpz07zSHB00TpugqhmYtVmMO6518mCuRMoOYFldEBl0g187ufozdaHgWKcYFb61qGiA==",
      "dependencies": {
        "balanced-match": "^1.0.0",
        "concat-map": "0.0.1"
      }
    },
    "node_modules/common-tags": {
      "version": "1.8.2",
      "resolved": "https://registry.npmjs.org/common-tags/-/common-tags-1.8.2.tgz",
      "integrity": "sha512-gk/Z852D2Wtb//0I+kRFNKKE9dIIVirjoqPoA1wJU+XePVXZfGeBpk45+A1rKO4Q43prqWBNY/MiIeRLbPWUaA==",
      "engines": {
        "node": ">=4.0.0"
      }
    },
    "node_modules/concat-map": {
      "version": "0.0.1",
      "resolved": "https://registry.npmjs.org/concat-map/-/concat-map-0.0.1.tgz",
      "integrity": "sha1-2Klr13/Wjfd5OnMDajug1UBdR3s="
    },
    "node_modules/core-js": {
      "version": "2.6.12",
      "resolved": "https://registry.npmjs.org/core-js/-/core-js-2.6.12.tgz",
      "integrity": "sha512-Kb2wC0fvsWfQrgk8HU5lW6U/Lcs8+9aaYcy4ZFc6DDlo4nZ7n70dEgE5rtR0oG6ufKDUnrwfWL1mXR5ljDatrQ==",
      "deprecated": "core-js@<3.23.3 is no longer maintained and not recommended for usage due to the number of issues. Because of the V8 engine whims, feature detection in old core-js versions could cause a slowdown up to 100x even if nothing is polyfilled. Some versions have web compatibility issues. Please, upgrade your dependencies to the actual version of core-js.",
      "hasInstallScript": true
    },
    "node_modules/fs-extra": {
      "version": "4.0.3",
      "resolved": "https://registry.npmjs.org/fs-extra/-/fs-extra-4.0.3.tgz",
      "integrity": "sha512-q6rbdDd1o2mAnQreO7YADIxf/Whx4AHBiRf6d+/cVT8h44ss+lHgxf1FemcqDnQt9X3ct4McHr+JMGlYSsK7Cg==",
      "dependencies": {
        "graceful-fs": "^4.1.2",
        "jsonfile": "^4.0.0",
        "universalify": "^0.1.0"
      }
    },
    "node_modules/fs.realpath": {
      "version": "1.0.0",
      "resolved": "https://registry.npmjs.org/fs.realpath/-/fs.realpath-1.0.0.tgz",
      "integrity": "sha1-FQStJSMVjKpA20onh8sBQRmU6k8="
    },
    "node_modules/get-own-enumerable-property-symbols": {
      "version": "3.0.2",
      "resolved": "https://registry.npmjs.org/get-own-enumerable-property-symbols/-/get-own-enumerable-property-symbols-3.0.2.tgz",
      "integrity": "sha512-I0UBV/XOz1XkIJHEUDMZAbzCThU/H8DxmSfmdGcKPnVhu2VfFqr34jr9777IyaTYvxjedWhqVIilEDsCdP5G6g=="
    },
    "node_modules/glob": {
      "version": "7.2.0",
      "resolved": "https://registry.npmjs.org/glob/-/glob-7.2.0.tgz",
      "integrity": "sha512-lmLf6gtyrPq8tTjSmrO94wBeQbFR3HbLHbuyD69wuyQkImp2hWqMGB47OX65FBkPffO641IP9jWa1z4ivqG26Q==",
      "dependencies": {
        "fs.realpath": "^1.0.0",
        "inflight": "^1.0.4",
        "inherits": "2",
        "minimatch": "^3.0.4",
        "once": "^1.3.0",
        "path-is-absolute": "^1.0.0"
      },
      "engines": {
        "node": "*"
      },
      "funding": {
        "url": "https://github.com/sponsors/isaacs"
      }
    },
    "node_modules/graceful-fs": {
      "version": "4.2.10",
      "resolved": "https://registry.npmjs.org/graceful-fs/-/graceful-fs-4.2.10.tgz",
      "integrity": "sha512-9ByhssR2fPVsNZj478qUUbKfmL0+t5BDVyjShtyZZLiK7ZDAArFFfopyOTj0M05wE2tJPisA4iTnnXl2YoPvOA=="
    },
    "node_modules/hoek": {
      "version": "4.2.1",
      "resolved": "https://registry.npmjs.org/hoek/-/hoek-4.2.1.tgz",
      "integrity": "sha512-QLg82fGkfnJ/4iy1xZ81/9SIJiq1NGFUMGs6ParyjBZr6jW2Ufj/snDqTHixNlHdPNwN2RLVD0Pi3igeK9+JfA==",
      "deprecated": "This version has been deprecated in accordance with the hapi support policy (hapi.im/support). Please upgrade to the latest version to get the best features, bug fixes, and security patches. If you are unable to upgrade at this time, paid support is available for older versions (hapi.im/commercial).",
      "engines": {
        "node": ">=4.0.0"
      }
    },
    "node_modules/inflight": {
      "version": "1.0.6",
      "resolved": "https://registry.npmjs.org/inflight/-/inflight-1.0.6.tgz",
      "integrity": "sha1-Sb1jMdfQLQwJvJEKEHW6gWW1bfk=",
      "dependencies": {
        "once": "^1.3.0",
        "wrappy": "1"
      }
    },
    "node_modules/inherits": {
      "version": "2.0.4",
      "resolved": "https://registry.npmjs.org/inherits/-/inherits-2.0.4.tgz",
      "integrity": "sha512-k/vGaX4/Yla3WzyMCvTQOXYeIHvqOKtnqBduzTHpzpQZzAskKMhZ2K+EnBiSM9zGSoIFeMpXKxa4dYeZIQqewQ=="
    },
    "node_modules/is-obj": {
      "version": "1.0.1",
      "resolved": "https://registry.npmjs.org/is-obj/-/is-obj-1.0.1.tgz",
      "integrity": "sha1-PkcprB9f3gJc19g6iW2rn09n2w8=",
      "engines": {
        "node": ">=0.10.0"
      }
    },
    "node_modules/is-regexp": {
      "version": "1.0.0",
      "resolved": "https://registry.npmjs.org/is-regexp/-/is-regexp-1.0.0.tgz",
      "integrity": "sha1-/S2INUXEa6xaYz57mgnof6LLUGk=",
      "engines": {
        "node": ">=0.10.0"
      }
    },
    "node_modules/isemail": {
      "version": "3.2.0",
      "resolved": "https://registry.npmjs.org/isemail/-/isemail-3.2.0.tgz",
      "integrity": "sha512-zKqkK+O+dGqevc93KNsbZ/TqTUFd46MwWjYOoMrjIMZ51eU7DtQG3Wmd9SQQT7i7RVnuTPEiYEWHU3MSbxC1Tg==",
      "dependencies": {
        "punycode": "2.x.x"
      },
      "engines": {
        "node": ">=4.0.0"
      }
    },
    "node_modules/joi": {
      "version": "11.4.0",
      "resolved": "https://registry.npmjs.org/joi/-/joi-11.4.0.tgz",
      "integrity": "sha512-O7Uw+w/zEWgbL6OcHbyACKSj0PkQeUgmehdoXVSxt92QFCq4+1390Rwh5moI2K/OgC7D8RHRZqHZxT2husMJHA==",
      "deprecated": "This version has been deprecated in accordance with the hapi support policy (hapi.im/support). Please upgrade to the latest version to get the best features, bug fixes, and security patches. If you are unable to upgrade at this time, paid support is available for older versions (hapi.im/commercial).",
      "dependencies": {
        "hoek": "4.x.x",
        "isemail": "3.x.x",
        "topo": "2.x.x"
      },
      "engines": {
        "node": ">=4.0.0"
      }
    },
    "node_modules/jsonfile": {
      "version": "4.0.0",
      "resolved": "https://registry.npmjs.org/jsonfile/-/jsonfile-4.0.0.tgz",
      "integrity": "sha512-m6F1R3z8jjlf2imQHS2Qez5sjKWQzbuuhuJ/FKYFRZvPE3PuHcSMVZzfsLhGVOkfd20obL5SWEBew5ShlquNxg==",
      "optionalDependencies": {
        "graceful-fs": "^4.1.6"
      }
    },
    "node_modules/lodash._reinterpolate": {
      "version": "3.0.0",
      "resolved": "https://registry.npmjs.org/lodash._reinterpolate/-/lodash._reinterpolate-3.0.0.tgz",
      "integrity": "sha512-xYHt68QRoYGjeeM/XOE1uJtvXQAgvszfBhjV4yvsQH0u2i9I6cI6c6/eG4Hh3UAOVn0y/xAXwmTzEay49Q//HA=="
    },
    "node_modules/lodash.template": {
      "version": "4.5.0",
      "resolved": "https://registry.npmjs.org/lodash.template/-/lodash.template-4.5.0.tgz",
      "integrity": "sha512-84vYFxIkmidUiFxidA/KjjH9pAycqW+h980j7Fuz5qxRtO9pgB7MDFTdys1N7A5mcucRiDyEq4fusljItR1T/A==",
      "dependencies": {
        "lodash._reinterpolate": "^3.0.0",
        "lodash.templatesettings": "^4.0.0"
      }
    },
    "node_modules/lodash.templatesettings": {
      "version": "4.2.0",
      "resolved": "https://registry.npmjs.org/lodash.templatesettings/-/lodash.templatesettings-4.2.0.tgz",
      "integrity": "sha512-stgLz+i3Aa9mZgnjr/O+v9ruKZsPsndy7qPZOchbqk2cnTU1ZaldKK+v7m54WoKIyxiuMZTKT2H81F8BeAc3ZQ==",
      "dependencies": {
        "lodash._reinterpolate": "^3.0.0"
      }
    },
    "node_modules/minimatch": {
      "version": "3.1.2",
      "resolved": "https://registry.npmjs.org/minimatch/-/minimatch-3.1.2.tgz",
      "integrity": "sha512-J7p63hRiAjw1NDEww1W7i37+ByIrOWO5XQQAzZ3VOcL0PNybwpfmV/N05zFAzwQ9USyEcX6t3UO+K5aqBQOIHw==",
      "dependencies": {
        "brace-expansion": "^1.1.7"
      },
      "engines": {
        "node": "*"
      }
    },
    "node_modules/once": {
      "version": "1.4.0",
      "resolved": "https://registry.npmjs.org/once/-/once-1.4.0.tgz",
      "integrity": "sha1-WDsap3WWHUsROsF9nFC6753Xa9E=",
      "dependencies": {
        "wrappy": "1"
      }
    },
    "node_modules/path-is-absolute": {
      "version": "1.0.1",
      "resolved": "https://registry.npmjs.org/path-is-absolute/-/path-is-absolute-1.0.1.tgz",
      "integrity": "sha1-F0uSaHNVNP+8es5r9TpanhtcX18=",
      "engines": {
        "node": ">=0.10.0"
      }
    },
    "node_modules/pretty-bytes": {
      "version": "4.0.2",
      "resolved": "https://registry.npmjs.org/pretty-bytes/-/pretty-bytes-4.0.2.tgz",
      "integrity": "sha512-yJAF+AjbHKlxQ8eezMd/34Mnj/YTQ3i6kLzvVsH4l/BfIFtp444n0wVbnsn66JimZ9uBofv815aRp1zCppxlWw==",
      "engines": {
        "node": ">=4"
      }
    },
    "node_modules/punycode": {
      "version": "2.3.0",
      "resolved": "https://registry.npmjs.org/punycode/-/punycode-2.3.0.tgz",
      "integrity": "sha512-rRV+zQD8tVFys26lAGR9WUuS4iUAngJScM+ZRSKtvl5tKeZ2t5bvdNFdNHBW9FWR4guGHlgmsZ1G7BSm2wTbuA==",
      "engines": {
        "node": ">=6"
      }
    },
    "node_modules/regenerator-runtime": {
      "version": "0.11.1",
      "resolved": "https://registry.npmjs.org/regenerator-runtime/-/regenerator-runtime-0.11.1.tgz",
      "integrity": "sha512-MguG95oij0fC3QV3URf4V2SDYGJhJnJGqvIIgdECeODCT98wSWDAJ94SSuVpYQUoTcGUIL6L4yNB7j1DFFHSBg=="
    },
    "node_modules/stringify-object": {
      "version": "3.3.0",
      "resolved": "https://registry.npmjs.org/stringify-object/-/stringify-object-3.3.0.tgz",
      "integrity": "sha512-rHqiFh1elqCQ9WPLIC8I0Q/g/wj5J1eMkyoiD6eoQApWHP0FtlK7rqnhmabL5VUY9JQCcqwwvlOaSuutekgyrw==",
      "dependencies": {
        "get-own-enumerable-property-symbols": "^3.0.0",
        "is-obj": "^1.0.1",
        "is-regexp": "^1.0.0"
      },
      "engines": {
        "node": ">=4"
      }
    },
    "node_modules/strip-comments": {
      "version": "1.0.2",
      "resolved": "https://registry.npmjs.org/strip-comments/-/strip-comments-1.0.2.tgz",
      "integrity": "sha512-kL97alc47hoyIQSV165tTt9rG5dn4w1dNnBhOQ3bOU1Nc1hel09jnXANaHJ7vzHLd4Ju8kseDGzlev96pghLFw==",
      "dependencies": {
        "babel-extract-comments": "^1.0.0",
        "babel-plugin-transform-object-rest-spread": "^6.26.0"
      },
      "engines": {
        "node": ">=4"
      }
    },
    "node_modules/topo": {
      "version": "2.0.2",
      "resolved": "https://registry.npmjs.org/topo/-/topo-2.0.2.tgz",
      "integrity": "sha512-QMfJ9TC5lKcmLZImOZ/BTSWJeVbay7XK2nlzvFALW3BA5OkvBnbs0poku4EsRpDMndDVnM58EU/8D3ZcoVehWg==",
      "deprecated": "This version has been deprecated in accordance with the hapi support policy (hapi.im/support). Please upgrade to the latest version to get the best features, bug fixes, and security patches. If you are unable to upgrade at this time, paid support is available for older versions (hapi.im/commercial).",
      "dependencies": {
        "hoek": "4.x.x"
      },
      "engines": {
        "node": ">=4.0.0"
      }
    },
    "node_modules/typescript": {
      "version": "5.0.4",
      "resolved": "https://registry.npmjs.org/typescript/-/typescript-5.0.4.tgz",
      "integrity": "sha512-cW9T5W9xY37cc+jfEnaUvX91foxtHkza3Nw3wkoF4sSlKn0MONdkdEndig/qPBWXNkmplh3NzayQzCiHM4/hqw==",
      "bin": {
        "tsc": "bin/tsc",
        "tsserver": "bin/tsserver"
      },
      "engines": {
        "node": ">=12.20"
      }
    },
    "node_modules/universalify": {
      "version": "0.1.2",
      "resolved": "https://registry.npmjs.org/universalify/-/universalify-0.1.2.tgz",
      "integrity": "sha512-rBJeI5CXAlmy1pV+617WB9J63U6XcazHHF2f2dbJix4XzpUF0RS3Zbj0FGIOCAva5P/d/GBOYaACQ1w+0azUkg==",
      "engines": {
        "node": ">= 4.0.0"
      }
    },
    "node_modules/workbox-background-sync": {
      "version": "3.6.3",
      "resolved": "https://registry.npmjs.org/workbox-background-sync/-/workbox-background-sync-3.6.3.tgz",
      "integrity": "sha512-ypLo0B6dces4gSpaslmDg5wuoUWrHHVJfFWwl1udvSylLdXvnrfhFfriCS42SNEe5lsZtcNZF27W/SMzBlva7Q==",
      "dependencies": {
        "workbox-core": "^3.6.3"
      }
    },
    "node_modules/workbox-broadcast-cache-update": {
      "version": "3.6.3",
      "resolved": "https://registry.npmjs.org/workbox-broadcast-cache-update/-/workbox-broadcast-cache-update-3.6.3.tgz",
      "integrity": "sha512-pJl4lbClQcvp0SyTiEw0zLSsVYE1RDlCPtpKnpMjxFtu8lCFTAEuVyzxp9w7GF4/b3P4h5nyQ+q7V9mIR7YzGg==",
      "dependencies": {
        "workbox-core": "^3.6.3"
      }
    },
    "node_modules/workbox-build": {
      "version": "3.6.3",
      "resolved": "https://registry.npmjs.org/workbox-build/-/workbox-build-3.6.3.tgz",
      "integrity": "sha512-w0clZ/pVjL8VXy6GfthefxpEXs0T8uiRuopZSFVQ8ovfbH6c6kUpEh6DcYwm/Y6dyWPiCucdyAZotgjz+nRz8g==",
      "dependencies": {
        "babel-runtime": "^6.26.0",
        "common-tags": "^1.4.0",
        "fs-extra": "^4.0.2",
        "glob": "^7.1.2",
        "joi": "^11.1.1",
        "lodash.template": "^4.4.0",
        "pretty-bytes": "^4.0.2",
        "stringify-object": "^3.2.2",
        "strip-comments": "^1.0.2",
        "workbox-background-sync": "^3.6.3",
        "workbox-broadcast-cache-update": "^3.6.3",
        "workbox-cache-expiration": "^3.6.3",
        "workbox-cacheable-response": "^3.6.3",
        "workbox-core": "^3.6.3",
        "workbox-google-analytics": "^3.6.3",
        "workbox-navigation-preload": "^3.6.3",
        "workbox-precaching": "^3.6.3",
        "workbox-range-requests": "^3.6.3",
        "workbox-routing": "^3.6.3",
        "workbox-strategies": "^3.6.3",
        "workbox-streams": "^3.6.3",
        "workbox-sw": "^3.6.3"
      },
      "engines": {
        "node": ">=4.0.0"
      }
    },
    "node_modules/workbox-cache-expiration": {
      "version": "3.6.3",
      "resolved": "https://registry.npmjs.org/workbox-cache-expiration/-/workbox-cache-expiration-3.6.3.tgz",
      "integrity": "sha512-+ECNph/6doYx89oopO/UolYdDmQtGUgo8KCgluwBF/RieyA1ZOFKfrSiNjztxOrGJoyBB7raTIOlEEwZ1LaHoA==",
      "dependencies": {
        "workbox-core": "^3.6.3"
      }
    },
    "node_modules/workbox-cacheable-response": {
      "version": "3.6.3",
      "resolved": "https://registry.npmjs.org/workbox-cacheable-response/-/workbox-cacheable-response-3.6.3.tgz",
      "integrity": "sha512-QpmbGA9SLcA7fklBLm06C4zFg577Dt8u3QgLM0eMnnbaVv3rhm4vbmDpBkyTqvgK/Ly8MBDQzlXDtUCswQwqqg==",
      "dependencies": {
        "workbox-core": "^3.6.3"
      }
    },
    "node_modules/workbox-core": {
      "version": "3.6.3",
      "resolved": "https://registry.npmjs.org/workbox-core/-/workbox-core-3.6.3.tgz",
      "integrity": "sha512-cx9cx0nscPkIWs8Pt98HGrS9/aORuUcSkWjG25GqNWdvD/pSe7/5Oh3BKs0fC+rUshCiyLbxW54q0hA+GqZeSQ=="
    },
    "node_modules/workbox-google-analytics": {
      "version": "3.6.3",
      "resolved": "https://registry.npmjs.org/workbox-google-analytics/-/workbox-google-analytics-3.6.3.tgz",
      "integrity": "sha512-RQBUo/6SXtIaQTRFj4RQZ9e1gAl7D8oS5S+Hi173Kk70/BgJjzPwXpC5A249Jv5YfkCOLMQCeF9A27BiD0b0ig==",
      "dependencies": {
        "workbox-background-sync": "^3.6.3",
        "workbox-core": "^3.6.3",
        "workbox-routing": "^3.6.3",
        "workbox-strategies": "^3.6.3"
      }
    },
    "node_modules/workbox-navigation-preload": {
      "version": "3.6.3",
      "resolved": "https://registry.npmjs.org/workbox-navigation-preload/-/workbox-navigation-preload-3.6.3.tgz",
      "integrity": "sha512-dd26xTX16DUu0i+MhqZK/jQXgfIitu0yATM4jhRXEmpMqQ4MxEeNvl2CgjDMOHBnCVMax+CFZQWwxMx/X/PqCw==",
      "dependencies": {
        "workbox-core": "^3.6.3"
      }
    },
    "node_modules/workbox-precaching": {
      "version": "3.6.3",
      "resolved": "https://registry.npmjs.org/workbox-precaching/-/workbox-precaching-3.6.3.tgz",
      "integrity": "sha512-aBqT66BuMFviPTW6IpccZZHzpA8xzvZU2OM1AdhmSlYDXOJyb1+Z6blVD7z2Q8VNtV1UVwQIdImIX+hH3C3PIw==",
      "dependencies": {
        "workbox-core": "^3.6.3"
      }
    },
    "node_modules/workbox-range-requests": {
      "version": "3.6.3",
      "resolved": "https://registry.npmjs.org/workbox-range-requests/-/workbox-range-requests-3.6.3.tgz",
      "integrity": "sha512-R+yLWQy7D9aRF9yJ3QzwYnGFnGDhMUij4jVBUVtkl67oaVoP1ymZ81AfCmfZro2kpPRI+vmNMfxxW531cqdx8A==",
      "dependencies": {
        "workbox-core": "^3.6.3"
      }
    },
    "node_modules/workbox-routing": {
      "version": "3.6.3",
      "resolved": "https://registry.npmjs.org/workbox-routing/-/workbox-routing-3.6.3.tgz",
      "integrity": "sha512-bX20i95OKXXQovXhFOViOK63HYmXvsIwZXKWbSpVeKToxMrp0G/6LZXnhg82ijj/S5yhKNRf9LeGDzaqxzAwMQ==",
      "dependencies": {
        "workbox-core": "^3.6.3"
      }
    },
    "node_modules/workbox-strategies": {
      "version": "3.6.3",
      "resolved": "https://registry.npmjs.org/workbox-strategies/-/workbox-strategies-3.6.3.tgz",
      "integrity": "sha512-Pg5eulqeKet2y8j73Yw6xTgLdElktcWExGkzDVCGqfV9JCvnGuEpz5eVsCIK70+k4oJcBCin9qEg3g3CwEIH3g==",
      "dependencies": {
        "workbox-core": "^3.6.3"
      }
    },
    "node_modules/workbox-streams": {
      "version": "3.6.3",
      "resolved": "https://registry.npmjs.org/workbox-streams/-/workbox-streams-3.6.3.tgz",
      "integrity": "sha512-rqDuS4duj+3aZUYI1LsrD2t9hHOjwPqnUIfrXSOxSVjVn83W2MisDF2Bj+dFUZv4GalL9xqErcFW++9gH+Z27w==",
      "dependencies": {
        "workbox-core": "^3.6.3"
      }
    },
    "node_modules/workbox-sw": {
      "version": "3.6.3",
      "resolved": "https://registry.npmjs.org/workbox-sw/-/workbox-sw-3.6.3.tgz",
      "integrity": "sha512-IQOUi+RLhvYCiv80RP23KBW/NTtIvzvjex28B8NW1jOm+iV4VIu3VXKXTA6er5/wjjuhmtB28qEAUqADLAyOSg=="
    },
    "node_modules/wrappy": {
      "version": "1.0.2",
      "resolved": "https://registry.npmjs.org/wrappy/-/wrappy-1.0.2.tgz",
      "integrity": "sha1-tSQ9jz7BqjXxNkYFvA0QNuMKtp8="
    }
  },
  "dependencies": {
    "babel-extract-comments": {
      "version": "1.0.0",
      "resolved": "https://registry.npmjs.org/babel-extract-comments/-/babel-extract-comments-1.0.0.tgz",
      "integrity": "sha512-qWWzi4TlddohA91bFwgt6zO/J0X+io7Qp184Fw0m2JYRSTZnJbFR8+07KmzudHCZgOiKRCrjhylwv9Xd8gfhVQ==",
      "requires": {
        "babylon": "^6.18.0"
      }
    },
    "babel-plugin-syntax-object-rest-spread": {
      "version": "6.13.0",
      "resolved": "https://registry.npmjs.org/babel-plugin-syntax-object-rest-spread/-/babel-plugin-syntax-object-rest-spread-6.13.0.tgz",
      "integrity": "sha512-C4Aq+GaAj83pRQ0EFgTvw5YO6T3Qz2KGrNRwIj9mSoNHVvdZY4KO2uA6HNtNXCw993iSZnckY1aLW8nOi8i4+w=="
    },
    "babel-plugin-transform-object-rest-spread": {
      "version": "6.26.0",
      "resolved": "https://registry.npmjs.org/babel-plugin-transform-object-rest-spread/-/babel-plugin-transform-object-rest-spread-6.26.0.tgz",
      "integrity": "sha512-ocgA9VJvyxwt+qJB0ncxV8kb/CjfTcECUY4tQ5VT7nP6Aohzobm8CDFaQ5FHdvZQzLmf0sgDxB8iRXZXxwZcyA==",
      "requires": {
        "babel-plugin-syntax-object-rest-spread": "^6.8.0",
        "babel-runtime": "^6.26.0"
      }
    },
    "babel-runtime": {
      "version": "6.26.0",
      "resolved": "https://registry.npmjs.org/babel-runtime/-/babel-runtime-6.26.0.tgz",
      "integrity": "sha512-ITKNuq2wKlW1fJg9sSW52eepoYgZBggvOAHC0u/CYu/qxQ9EVzThCgR69BnSXLHjy2f7SY5zaQ4yt7H9ZVxY2g==",
      "requires": {
        "core-js": "^2.4.0",
        "regenerator-runtime": "^0.11.0"
      }
    },
    "babylon": {
      "version": "6.18.0",
      "resolved": "https://registry.npmjs.org/babylon/-/babylon-6.18.0.tgz",
      "integrity": "sha512-q/UEjfGJ2Cm3oKV71DJz9d25TPnq5rhBVL2Q4fA5wcC3jcrdn7+SssEybFIxwAvvP+YCsCYNKughoF33GxgycQ=="
    },
    "balanced-match": {
      "version": "1.0.2",
      "resolved": "https://registry.npmjs.org/balanced-match/-/balanced-match-1.0.2.tgz",
      "integrity": "sha512-3oSeUO0TMV67hN1AmbXsK4yaqU7tjiHlbxRDZOpH0KW9+CeX4bRAaX0Anxt0tx2MrpRpWwQaPwIlISEJhYU5Pw=="
    },
    "brace-expansion": {
      "version": "1.1.11",
      "resolved": "https://registry.npmjs.org/brace-expansion/-/brace-expansion-1.1.11.tgz",
      "integrity": "sha512-iCuPHDFgrHX7H2vEI/5xpz07zSHB00TpugqhmYtVmMO6518mCuRMoOYFldEBl0g187ufozdaHgWKcYFb61qGiA==",
      "requires": {
        "balanced-match": "^1.0.0",
        "concat-map": "0.0.1"
      }
    },
    "common-tags": {
      "version": "1.8.2",
      "resolved": "https://registry.npmjs.org/common-tags/-/common-tags-1.8.2.tgz",
      "integrity": "sha512-gk/Z852D2Wtb//0I+kRFNKKE9dIIVirjoqPoA1wJU+XePVXZfGeBpk45+A1rKO4Q43prqWBNY/MiIeRLbPWUaA=="
    },
    "concat-map": {
      "version": "0.0.1",
      "resolved": "https://registry.npmjs.org/concat-map/-/concat-map-0.0.1.tgz",
      "integrity": "sha1-2Klr13/Wjfd5OnMDajug1UBdR3s="
    },
    "core-js": {
      "version": "2.6.12",
      "resolved": "https://registry.npmjs.org/core-js/-/core-js-2.6.12.tgz",
      "integrity": "sha512-Kb2wC0fvsWfQrgk8HU5lW6U/Lcs8+9aaYcy4ZFc6DDlo4nZ7n70dEgE5rtR0oG6ufKDUnrwfWL1mXR5ljDatrQ=="
    },
    "fs-extra": {
      "version": "4.0.3",
      "resolved": "https://registry.npmjs.org/fs-extra/-/fs-extra-4.0.3.tgz",
      "integrity": "sha512-q6rbdDd1o2mAnQreO7YADIxf/Whx4AHBiRf6d+/cVT8h44ss+lHgxf1FemcqDnQt9X3ct4McHr+JMGlYSsK7Cg==",
      "requires": {
        "graceful-fs": "^4.1.2",
        "jsonfile": "^4.0.0",
        "universalify": "^0.1.0"
      }
    },
    "fs.realpath": {
      "version": "1.0.0",
      "resolved": "https://registry.npmjs.org/fs.realpath/-/fs.realpath-1.0.0.tgz",
      "integrity": "sha1-FQStJSMVjKpA20onh8sBQRmU6k8="
    },
    "get-own-enumerable-property-symbols": {
      "version": "3.0.2",
      "resolved": "https://registry.npmjs.org/get-own-enumerable-property-symbols/-/get-own-enumerable-property-symbols-3.0.2.tgz",
      "integrity": "sha512-I0UBV/XOz1XkIJHEUDMZAbzCThU/H8DxmSfmdGcKPnVhu2VfFqr34jr9777IyaTYvxjedWhqVIilEDsCdP5G6g=="
    },
    "glob": {
      "version": "7.2.0",
      "resolved": "https://registry.npmjs.org/glob/-/glob-7.2.0.tgz",
      "integrity": "sha512-lmLf6gtyrPq8tTjSmrO94wBeQbFR3HbLHbuyD69wuyQkImp2hWqMGB47OX65FBkPffO641IP9jWa1z4ivqG26Q==",
      "requires": {
        "fs.realpath": "^1.0.0",
        "inflight": "^1.0.4",
        "inherits": "2",
        "minimatch": "^3.0.4",
        "once": "^1.3.0",
        "path-is-absolute": "^1.0.0"
      }
    },
    "graceful-fs": {
      "version": "4.2.10",
      "resolved": "https://registry.npmjs.org/graceful-fs/-/graceful-fs-4.2.10.tgz",
      "integrity": "sha512-9ByhssR2fPVsNZj478qUUbKfmL0+t5BDVyjShtyZZLiK7ZDAArFFfopyOTj0M05wE2tJPisA4iTnnXl2YoPvOA=="
    },
    "hoek": {
      "version": "4.2.1",
      "resolved": "https://registry.npmjs.org/hoek/-/hoek-4.2.1.tgz",
      "integrity": "sha512-QLg82fGkfnJ/4iy1xZ81/9SIJiq1NGFUMGs6ParyjBZr6jW2Ufj/snDqTHixNlHdPNwN2RLVD0Pi3igeK9+JfA=="
    },
    "inflight": {
      "version": "1.0.6",
      "resolved": "https://registry.npmjs.org/inflight/-/inflight-1.0.6.tgz",
      "integrity": "sha1-Sb1jMdfQLQwJvJEKEHW6gWW1bfk=",
      "requires": {
        "once": "^1.3.0",
        "wrappy": "1"
      }
    },
    "inherits": {
      "version": "2.0.4",
      "resolved": "https://registry.npmjs.org/inherits/-/inherits-2.0.4.tgz",
      "integrity": "sha512-k/vGaX4/Yla3WzyMCvTQOXYeIHvqOKtnqBduzTHpzpQZzAskKMhZ2K+EnBiSM9zGSoIFeMpXKxa4dYeZIQqewQ=="
    },
    "is-obj": {
      "version": "1.0.1",
      "resolved": "https://registry.npmjs.org/is-obj/-/is-obj-1.0.1.tgz",
      "integrity": "sha1-PkcprB9f3gJc19g6iW2rn09n2w8="
    },
    "is-regexp": {
      "version": "1.0.0",
      "resolved": "https://registry.npmjs.org/is-regexp/-/is-regexp-1.0.0.tgz",
      "integrity": "sha1-/S2INUXEa6xaYz57mgnof6LLUGk="
    },
    "isemail": {
      "version": "3.2.0",
      "resolved": "https://registry.npmjs.org/isemail/-/isemail-3.2.0.tgz",
      "integrity": "sha512-zKqkK+O+dGqevc93KNsbZ/TqTUFd46MwWjYOoMrjIMZ51eU7DtQG3Wmd9SQQT7i7RVnuTPEiYEWHU3MSbxC1Tg==",
      "requires": {
        "punycode": "2.x.x"
      }
    },
    "joi": {
      "version": "11.4.0",
      "resolved": "https://registry.npmjs.org/joi/-/joi-11.4.0.tgz",
      "integrity": "sha512-O7Uw+w/zEWgbL6OcHbyACKSj0PkQeUgmehdoXVSxt92QFCq4+1390Rwh5moI2K/OgC7D8RHRZqHZxT2husMJHA==",
      "requires": {
        "hoek": "4.x.x",
        "isemail": "3.x.x",
        "topo": "2.x.x"
      }
    },
    "jsonfile": {
      "version": "4.0.0",
      "resolved": "https://registry.npmjs.org/jsonfile/-/jsonfile-4.0.0.tgz",
      "integrity": "sha512-m6F1R3z8jjlf2imQHS2Qez5sjKWQzbuuhuJ/FKYFRZvPE3PuHcSMVZzfsLhGVOkfd20obL5SWEBew5ShlquNxg==",
      "requires": {
        "graceful-fs": "^4.1.6"
      }
    },
    "lodash._reinterpolate": {
      "version": "3.0.0",
      "resolved": "https://registry.npmjs.org/lodash._reinterpolate/-/lodash._reinterpolate-3.0.0.tgz",
      "integrity": "sha512-xYHt68QRoYGjeeM/XOE1uJtvXQAgvszfBhjV4yvsQH0u2i9I6cI6c6/eG4Hh3UAOVn0y/xAXwmTzEay49Q//HA=="
    },
    "lodash.template": {
      "version": "4.5.0",
      "resolved": "https://registry.npmjs.org/lodash.template/-/lodash.template-4.5.0.tgz",
      "integrity": "sha512-84vYFxIkmidUiFxidA/KjjH9pAycqW+h980j7Fuz5qxRtO9pgB7MDFTdys1N7A5mcucRiDyEq4fusljItR1T/A==",
      "requires": {
        "lodash._reinterpolate": "^3.0.0",
        "lodash.templatesettings": "^4.0.0"
      }
    },
    "lodash.templatesettings": {
      "version": "4.2.0",
      "resolved": "https://registry.npmjs.org/lodash.templatesettings/-/lodash.templatesettings-4.2.0.tgz",
      "integrity": "sha512-stgLz+i3Aa9mZgnjr/O+v9ruKZsPsndy7qPZOchbqk2cnTU1ZaldKK+v7m54WoKIyxiuMZTKT2H81F8BeAc3ZQ==",
      "requires": {
        "lodash._reinterpolate": "^3.0.0"
      }
    },
    "minimatch": {
      "version": "3.1.2",
      "resolved": "https://registry.npmjs.org/minimatch/-/minimatch-3.1.2.tgz",
      "integrity": "sha512-J7p63hRiAjw1NDEww1W7i37+ByIrOWO5XQQAzZ3VOcL0PNybwpfmV/N05zFAzwQ9USyEcX6t3UO+K5aqBQOIHw==",
      "requires": {
        "brace-expansion": "^1.1.7"
      }
    },
    "once": {
      "version": "1.4.0",
      "resolved": "https://registry.npmjs.org/once/-/once-1.4.0.tgz",
      "integrity": "sha1-WDsap3WWHUsROsF9nFC6753Xa9E=",
      "requires": {
        "wrappy": "1"
      }
    },
    "path-is-absolute": {
      "version": "1.0.1",
      "resolved": "https://registry.npmjs.org/path-is-absolute/-/path-is-absolute-1.0.1.tgz",
      "integrity": "sha1-F0uSaHNVNP+8es5r9TpanhtcX18="
    },
    "pretty-bytes": {
      "version": "4.0.2",
      "resolved": "https://registry.npmjs.org/pretty-bytes/-/pretty-bytes-4.0.2.tgz",
      "integrity": "sha512-yJAF+AjbHKlxQ8eezMd/34Mnj/YTQ3i6kLzvVsH4l/BfIFtp444n0wVbnsn66JimZ9uBofv815aRp1zCppxlWw=="
    },
    "punycode": {
      "version": "2.3.0",
      "resolved": "https://registry.npmjs.org/punycode/-/punycode-2.3.0.tgz",
      "integrity": "sha512-rRV+zQD8tVFys26lAGR9WUuS4iUAngJScM+ZRSKtvl5tKeZ2t5bvdNFdNHBW9FWR4guGHlgmsZ1G7BSm2wTbuA=="
    },
    "regenerator-runtime": {
      "version": "0.11.1",
      "resolved": "https://registry.npmjs.org/regenerator-runtime/-/regenerator-runtime-0.11.1.tgz",
      "integrity": "sha512-MguG95oij0fC3QV3URf4V2SDYGJhJnJGqvIIgdECeODCT98wSWDAJ94SSuVpYQUoTcGUIL6L4yNB7j1DFFHSBg=="
    },
    "stringify-object": {
      "version": "3.3.0",
      "resolved": "https://registry.npmjs.org/stringify-object/-/stringify-object-3.3.0.tgz",
      "integrity": "sha512-rHqiFh1elqCQ9WPLIC8I0Q/g/wj5J1eMkyoiD6eoQApWHP0FtlK7rqnhmabL5VUY9JQCcqwwvlOaSuutekgyrw==",
      "requires": {
        "get-own-enumerable-property-symbols": "^3.0.0",
        "is-obj": "^1.0.1",
        "is-regexp": "^1.0.0"
      }
    },
    "strip-comments": {
      "version": "1.0.2",
      "resolved": "https://registry.npmjs.org/strip-comments/-/strip-comments-1.0.2.tgz",
      "integrity": "sha512-kL97alc47hoyIQSV165tTt9rG5dn4w1dNnBhOQ3bOU1Nc1hel09jnXANaHJ7vzHLd4Ju8kseDGzlev96pghLFw==",
      "requires": {
        "babel-extract-comments": "^1.0.0",
        "babel-plugin-transform-object-rest-spread": "^6.26.0"
      }
    },
    "topo": {
      "version": "2.0.2",
      "resolved": "https://registry.npmjs.org/topo/-/topo-2.0.2.tgz",
      "integrity": "sha512-QMfJ9TC5lKcmLZImOZ/BTSWJeVbay7XK2nlzvFALW3BA5OkvBnbs0poku4EsRpDMndDVnM58EU/8D3ZcoVehWg==",
      "requires": {
        "hoek": "4.x.x"
      }
    },
    "typescript": {
      "version": "5.0.4",
      "resolved": "https://registry.npmjs.org/typescript/-/typescript-5.0.4.tgz",
      "integrity": "sha512-cW9T5W9xY37cc+jfEnaUvX91foxtHkza3Nw3wkoF4sSlKn0MONdkdEndig/qPBWXNkmplh3NzayQzCiHM4/hqw=="
    },
    "universalify": {
      "version": "0.1.2",
      "resolved": "https://registry.npmjs.org/universalify/-/universalify-0.1.2.tgz",
      "integrity": "sha512-rBJeI5CXAlmy1pV+617WB9J63U6XcazHHF2f2dbJix4XzpUF0RS3Zbj0FGIOCAva5P/d/GBOYaACQ1w+0azUkg=="
    },
    "workbox-background-sync": {
      "version": "3.6.3",
      "resolved": "https://registry.npmjs.org/workbox-background-sync/-/workbox-background-sync-3.6.3.tgz",
      "integrity": "sha512-ypLo0B6dces4gSpaslmDg5wuoUWrHHVJfFWwl1udvSylLdXvnrfhFfriCS42SNEe5lsZtcNZF27W/SMzBlva7Q==",
      "requires": {
        "workbox-core": "^3.6.3"
      }
    },
    "workbox-broadcast-cache-update": {
      "version": "3.6.3",
      "resolved": "https://registry.npmjs.org/workbox-broadcast-cache-update/-/workbox-broadcast-cache-update-3.6.3.tgz",
      "integrity": "sha512-pJl4lbClQcvp0SyTiEw0zLSsVYE1RDlCPtpKnpMjxFtu8lCFTAEuVyzxp9w7GF4/b3P4h5nyQ+q7V9mIR7YzGg==",
      "requires": {
        "workbox-core": "^3.6.3"
      }
    },
    "workbox-build": {
      "version": "3.6.3",
      "resolved": "https://registry.npmjs.org/workbox-build/-/workbox-build-3.6.3.tgz",
      "integrity": "sha512-w0clZ/pVjL8VXy6GfthefxpEXs0T8uiRuopZSFVQ8ovfbH6c6kUpEh6DcYwm/Y6dyWPiCucdyAZotgjz+nRz8g==",
      "requires": {
        "babel-runtime": "^6.26.0",
        "common-tags": "^1.4.0",
        "fs-extra": "^4.0.2",
        "glob": "^7.1.2",
        "joi": "^11.1.1",
        "lodash.template": "^4.4.0",
        "pretty-bytes": "^4.0.2",
        "stringify-object": "^3.2.2",
        "strip-comments": "^1.0.2",
        "workbox-background-sync": "^3.6.3",
        "workbox-broadcast-cache-update": "^3.6.3",
        "workbox-cache-expiration": "^3.6.3",
        "workbox-cacheable-response": "^3.6.3",
        "workbox-core": "^3.6.3",
        "workbox-google-analytics": "^3.6.3",
        "workbox-navigation-preload": "^3.6.3",
        "workbox-precaching": "^3.6.3",
        "workbox-range-requests": "^3.6.3",
        "workbox-routing": "^3.6.3",
        "workbox-strategies": "^3.6.3",
        "workbox-streams": "^3.6.3",
        "workbox-sw": "^3.6.3"
      }
    },
    "workbox-cache-expiration": {
      "version": "3.6.3",
      "resolved": "https://registry.npmjs.org/workbox-cache-expiration/-/workbox-cache-expiration-3.6.3.tgz",
      "integrity": "sha512-+ECNph/6doYx89oopO/UolYdDmQtGUgo8KCgluwBF/RieyA1ZOFKfrSiNjztxOrGJoyBB7raTIOlEEwZ1LaHoA==",
      "requires": {
        "workbox-core": "^3.6.3"
      }
    },
    "workbox-cacheable-response": {
      "version": "3.6.3",
      "resolved": "https://registry.npmjs.org/workbox-cacheable-response/-/workbox-cacheable-response-3.6.3.tgz",
      "integrity": "sha512-QpmbGA9SLcA7fklBLm06C4zFg577Dt8u3QgLM0eMnnbaVv3rhm4vbmDpBkyTqvgK/Ly8MBDQzlXDtUCswQwqqg==",
      "requires": {
        "workbox-core": "^3.6.3"
      }
    },
    "workbox-core": {
      "version": "3.6.3",
      "resolved": "https://registry.npmjs.org/workbox-core/-/workbox-core-3.6.3.tgz",
      "integrity": "sha512-cx9cx0nscPkIWs8Pt98HGrS9/aORuUcSkWjG25GqNWdvD/pSe7/5Oh3BKs0fC+rUshCiyLbxW54q0hA+GqZeSQ=="
    },
    "workbox-google-analytics": {
      "version": "3.6.3",
      "resolved": "https://registry.npmjs.org/workbox-google-analytics/-/workbox-google-analytics-3.6.3.tgz",
      "integrity": "sha512-RQBUo/6SXtIaQTRFj4RQZ9e1gAl7D8oS5S+Hi173Kk70/BgJjzPwXpC5A249Jv5YfkCOLMQCeF9A27BiD0b0ig==",
      "requires": {
        "workbox-background-sync": "^3.6.3",
        "workbox-core": "^3.6.3",
        "workbox-routing": "^3.6.3",
        "workbox-strategies": "^3.6.3"
      }
    },
    "workbox-navigation-preload": {
      "version": "3.6.3",
      "resolved": "https://registry.npmjs.org/workbox-navigation-preload/-/workbox-navigation-preload-3.6.3.tgz",
      "integrity": "sha512-dd26xTX16DUu0i+MhqZK/jQXgfIitu0yATM4jhRXEmpMqQ4MxEeNvl2CgjDMOHBnCVMax+CFZQWwxMx/X/PqCw==",
      "requires": {
        "workbox-core": "^3.6.3"
      }
    },
    "workbox-precaching": {
      "version": "3.6.3",
      "resolved": "https://registry.npmjs.org/workbox-precaching/-/workbox-precaching-3.6.3.tgz",
      "integrity": "sha512-aBqT66BuMFviPTW6IpccZZHzpA8xzvZU2OM1AdhmSlYDXOJyb1+Z6blVD7z2Q8VNtV1UVwQIdImIX+hH3C3PIw==",
      "requires": {
        "workbox-core": "^3.6.3"
      }
    },
    "workbox-range-requests": {
      "version": "3.6.3",
      "resolved": "https://registry.npmjs.org/workbox-range-requests/-/workbox-range-requests-3.6.3.tgz",
      "integrity": "sha512-R+yLWQy7D9aRF9yJ3QzwYnGFnGDhMUij4jVBUVtkl67oaVoP1ymZ81AfCmfZro2kpPRI+vmNMfxxW531cqdx8A==",
      "requires": {
        "workbox-core": "^3.6.3"
      }
    },
    "workbox-routing": {
      "version": "3.6.3",
      "resolved": "https://registry.npmjs.org/workbox-routing/-/workbox-routing-3.6.3.tgz",
      "integrity": "sha512-bX20i95OKXXQovXhFOViOK63HYmXvsIwZXKWbSpVeKToxMrp0G/6LZXnhg82ijj/S5yhKNRf9LeGDzaqxzAwMQ==",
      "requires": {
        "workbox-core": "^3.6.3"
      }
    },
    "workbox-strategies": {
      "version": "3.6.3",
      "resolved": "https://registry.npmjs.org/workbox-strategies/-/workbox-strategies-3.6.3.tgz",
      "integrity": "sha512-Pg5eulqeKet2y8j73Yw6xTgLdElktcWExGkzDVCGqfV9JCvnGuEpz5eVsCIK70+k4oJcBCin9qEg3g3CwEIH3g==",
      "requires": {
        "workbox-core": "^3.6.3"
      }
    },
    "workbox-streams": {
      "version": "3.6.3",
      "resolved": "https://registry.npmjs.org/workbox-streams/-/workbox-streams-3.6.3.tgz",
      "integrity": "sha512-rqDuS4duj+3aZUYI1LsrD2t9hHOjwPqnUIfrXSOxSVjVn83W2MisDF2Bj+dFUZv4GalL9xqErcFW++9gH+Z27w==",
      "requires": {
        "workbox-core": "^3.6.3"
      }
    },
    "workbox-sw": {
      "version": "3.6.3",
      "resolved": "https://registry.npmjs.org/workbox-sw/-/workbox-sw-3.6.3.tgz",
      "integrity": "sha512-IQOUi+RLhvYCiv80RP23KBW/NTtIvzvjex28B8NW1jOm+iV4VIu3VXKXTA6er5/wjjuhmtB28qEAUqADLAyOSg=="
    },
    "wrappy": {
      "version": "1.0.2",
      "resolved": "https://registry.npmjs.org/wrappy/-/wrappy-1.0.2.tgz",
      "integrity": "sha1-tSQ9jz7BqjXxNkYFvA0QNuMKtp8="
    }
  }
}
